Microsoft Visual Studio Solution File, Format Version 12.00
# Visual Studio 2012
Project("{FAE04EC0-301F-11D3-BF4B-00C04F79EFBC}") = "GravityStellar", "GravityStellar.csproj", "{2AA4CEA6-3F14-4CC2-9D02-C5DA3440638D}"
EndProject
Global
	GlobalSection(SolutionConfigurationPlatforms) = preSolution
	Debug|Any CPU = Debug|Any CPU
	ExportDebug|Any CPU = ExportDebug|Any CPU
	ExportRelease|Any CPU = ExportRelease|Any CPU
	EndGlobalSection
	GlobalSection(ProjectConfigurationPlatforms) = postSolution
		{2AA4CEA6-3F14-4CC2-9D02-C5DA3440638D}.Debug|Any CPU.ActiveCfg = Debug|Any CPU
		{2AA4CEA6-3F14-4CC2-9D02-C5DA3440638D}.Debug|Any CPU.Build.0 = Debug|Any CPU
		{2AA4CEA6-3F14-4CC2-9D02-C5DA3440638D}.ExportDebug|Any CPU.ActiveCfg = ExportDebug|Any CPU
		{2AA4CEA6-3F14-4CC2-9D02-C5DA3440638D}.ExportDebug|Any CPU.Build.0 = ExportDebug|Any CPU
		{2AA4CEA6-3F14-4CC2-9D02-C5DA3440638D}.ExportRelease|Any CPU.ActiveCfg = ExportRelease|Any CPU
		{2AA4CEA6-3F14-4CC2-9D02-C5DA3440638D}.ExportRelease|Any CPU.Build.0 = ExportRelease|Any CPU
	EndGlobalSection
EndGlobal
